
Microsoft Visual Studio Solution File, Format Version 12.00
# Visual Studio Version 17
VisualStudioVersion = 17.8.34408.163
MinimumVisualStudioVersion = 10.0.40219.1
Project("{9A19103F-16F7-4668-BE54-9A1E7A4F7556}") = "TaskTrackerCosmos", "TaskTracker\TaskTrackerCosmos.csproj", "{0B619C26-6B13-4E7A-97D2-0C066E52D18F}"
EndProject
Project("{9A19103F-16F7-4668-BE54-9A1E7A4F7556}") = "TaskTracker_DAL", "TaskTracker-DAL\TaskTracker_DAL.csproj", "{EDC33CD9-C7DC-48A9-9B80-B0C25EDA62E3}"
EndProject
Project("{9A19103F-16F7-4668-BE54-9A1E7A4F7556}") = "TaskTracker_BL", "TaskTracker_BL\TaskTracker_BL.csproj", "{A92D1F74-B6D0-40F0-9D42-8A0C3E4A43F0}"
EndProject
Project("{9A19103F-16F7-4668-BE54-9A1E7A4F7556}") = "CommonUtils", "CommonUtils\CommonUtils.csproj", "{BF29F617-A0A7-401D-BB27-4A9F9E8FD8FB}"
EndProject
Project("{9A19103F-16F7-4668-BE54-9A1E7A4F7556}") = "TaskTracker_BL_Tests", "TaskTracker_BL_Tests\TaskTracker_BL_Tests.csproj", "{DC5A7791-ECCD-44BF-BC24-DED807CEA697}"
EndProject
Global
	GlobalSection(SolutionConfigurationPlatforms) = preSolution
		Debug|Any CPU = Debug|Any CPU
		Release|Any CPU = Release|Any CPU
	EndGlobalSection
	GlobalSection(ProjectConfigurationPlatforms) = postSolution
		{0B619C26-6B13-4E7A-97D2-0C066E52D18F}.Debug|Any CPU.ActiveCfg = Debug|Any CPU
		{0B619C26-6B13-4E7A-97D2-0C066E52D18F}.Debug|Any CPU.Build.0 = Debug|Any CPU
		{0B619C26-6B13-4E7A-97D2-0C066E52D18F}.Release|Any CPU.ActiveCfg = Release|Any CPU
		{0B619C26-6B13-4E7A-97D2-0C066E52D18F}.Release|Any CPU.Build.0 = Release|Any CPU
		{EDC33CD9-C7DC-48A9-9B80-B0C25EDA62E3}.Debug|Any CPU.ActiveCfg = Debug|Any CPU
		{EDC33CD9-C7DC-48A9-9B80-B0C25EDA62E3}.Debug|Any CPU.Build.0 = Debug|Any CPU
		{EDC33CD9-C7DC-48A9-9B80-B0C25EDA62E3}.Release|Any CPU.ActiveCfg = Release|Any CPU
		{EDC33CD9-C7DC-48A9-9B80-B0C25EDA62E3}.Release|Any CPU.Build.0 = Release|Any CPU
		{A92D1F74-B6D0-40F0-9D42-8A0C3E4A43F0}.Debug|Any CPU.ActiveCfg = Debug|Any CPU
		{A92D1F74-B6D0-40F0-9D42-8A0C3E4A43F0}.Debug|Any CPU.Build.0 = Debug|Any CPU
		{A92D1F74-B6D0-40F0-9D42-8A0C3E4A43F0}.Release|Any CPU.ActiveCfg = Release|Any CPU
		{A92D1F74-B6D0-40F0-9D42-8A0C3E4A43F0}.Release|Any CPU.Build.0 = Release|Any CPU
		{BF29F617-A0A7-401D-BB27-4A9F9E8FD8FB}.Debug|Any CPU.ActiveCfg = Debug|Any CPU
		{BF29F617-A0A7-401D-BB27-4A9F9E8FD8FB}.Debug|Any CPU.Build.0 = Debug|Any CPU
		{BF29F617-A0A7-401D-BB27-4A9F9E8FD8FB}.Release|Any CPU.ActiveCfg = Release|Any CPU
		{BF29F617-A0A7-401D-BB27-4A9F9E8FD8FB}.Release|Any CPU.Build.0 = Release|Any CPU
		{DC5A7791-ECCD-44BF-BC24-DED807CEA697}.Debug|Any CPU.ActiveCfg = Debug|Any CPU
		{DC5A7791-ECCD-44BF-BC24-DED807CEA697}.Debug|Any CPU.Build.0 = Debug|Any CPU
		{DC5A7791-ECCD-44BF-BC24-DED807CEA697}.Release|Any CPU.ActiveCfg = Release|Any CPU
		{DC5A7791-ECCD-44BF-BC24-DED807CEA697}.Release|Any CPU.Build.0 = Release|Any CPU
	EndGlobalSection
	GlobalSection(SolutionProperties) = preSolution
		HideSolutionNode = FALSE
	EndGlobalSection
	GlobalSection(ExtensibilityGlobals) = postSolution
		SolutionGuid = {125FD7A1-15AA-4ECA-AB58-D95754D4E6FA}
	EndGlobalSection
EndGlobal
